{
  "name": "twitteroauth-demo",
  "version": "0.0.0",
  "lockfileVersion": 1,
  "requires": true,
  "dependencies": {
    "prettier": {
      "version": "2.1.0",
      "resolved": "https://registry.npmjs.org/prettier/-/prettier-2.1.0.tgz",
      "integrity": "sha512-lz28cCbA1cDFHVuY8vvj6QuqOwIpyIfPUYkSl8AZ/vxH8qBXMMjE2knfLHCrZCmUsK/H1bg1P0tOo0dJkTJHvw==",
      "dev": true
    }
  }
}
